github.com/clevergo/clevergo v1.3.1 h1:T4moApoSQIpB2/RrEUSPwyCvgmh83blFwrM9vQg9AdM=
github.com/clevergo/clevergo v1.3.1/go.mod h1:/BB51A8ohBG/GCHbN7mUPK6vJNm6XXC+4V/yS0c7RsA=
github.com/clevergo/jsend v1.0.2 h1:wW+He/B1LJyE9Ug7vbmQtHi2qfy2wrxehcUpDN+4gRA=
github.com/clevergo/jsend v1.0.2/go.mod h1:E+I74EoysZjJU0/fYrv1ktIESOq7O4P+VU7JAYsr3Mo=
